github.com/davecgh/go-spew v1.1.1 h1:vj9j/u1bqnvCEfJOwUhtlOARqs3+rkHYY13jYWTU97c=
github.com/davecgh/go-spew v1.1.1/go.mod h1:J7Y8YcW2NihsgmVo/mv3lAwl/skON4iLHjSsI+c5H38=
github.com/evergreen-ci/birch v0.0.0-20191213201306-f4dae6f450a2 h1:78qn/Z5FKa32PD5Fk+PSOzXBRp5tVil+Pc3UGFPn0Ac=
github.com/evergreen-ci/birch v0.0.0-20191213201306-f4dae6f450a2/go.mod h1:IfmR6rcYhoHGAdYS51VEr60p1YzzXJvb7pFtGdNc88A=
github.com/google/go-cmp v0.6.0 h1:ofyhxvXcZhMsU5ulbFiLKl/XBFqE1GSq7atu8tAmTRI=
github.com/google/go-cmp v0.6.0/go.mod h1:17dUlkBOakJ0+DkrSSNjCkIjxS6bF9zb3elmeNGIjoY=
github.com/mongodb/ftdc v0.0.0-20251021151512-4041a70ba493 h1:zlcLKVnFGlFdZoAnxdDuGYNf9hYvBfqbPVd3/6x55NE=
github.com/mongodb/ftdc v0.0.0-20251021151512-4041a70ba493/go.mod h1:lPE03ve1J9f3hJMgRwuo1SMCqbBH1wl8kBzMq08oiZw=
github.com/pkg/errors v0.9.1 h1:FEBLx1zS214owpjy7qsBeixbURkuhQAwrK5UwLGTwt4=
github.com/pkg/errors v0.9.1/go.mod h1:bwawxfHBFNV+L2hUp1rHADufV3IMtnDRdf1r5NINEl0=
github.com/pmezard/go-difflib v1.0.0 h1:4DBwDE0NGyQoBHbLQYPwSUPoCMWR5BEzIk/f1lZbAQM=
github.com/pmezard/go-difflib v1.0.0/go.mod h1:iKH77koFhYxTK1pcRnkKkqfTogsbg7gZNVY4sRDYZ/4=
github.com/stretchr/testify v1.8.3 h1:RP3t2pwF7cMEbC1dqtB6poj3niw/9gnV4Cjg5oW5gtY=
github.com/stretchr/testify v1.8.3/go.mod h1:sz/lmYIOXD/1dqDmKjjqLyZ2RngseejIcXlSw2iwfAo=
go.mongodb.org/mongo-driver/v2 v2.0.0 h1:Jfd7XpdZa9yk3eY774bO7SWVb30noLSirL9nKTpavhI=
go.mongodb.org/mongo-driver/v2 v2.0.0/go.mod h1:nSjmNq4JUstE8IRZKTktLgMHM4F1fccL6HGX1yh+8RA=
gopkg.in/yaml.v3 v3.0.1 h1:fxVm/GzAzEWqLHuvctI91KS9hhNmmWOoWu0XTYJS7CA=
gopkg.in/yaml.v3 v3.0.1/go.mod h1:K4uyk7z7BCEPqu6E+C64Yfv1cQ7kz7rIZviUmN+EgEM=
